
Microsoft Visual Studio Solution File, Format Version 12.00
# Visual Studio 15
VisualStudioVersion = 15.0.26228.4
MinimumVisualStudioVersion = 10.0.40219.1
Project("{FAE04EC0-301F-11D3-BF4B-00C04F79EFBC}") = "List_Universitas.Android", "List Universitas\List_Universitas.Android\List_Universitas.Android.csproj", "{8272AB96-61A7-46DC-9F36-DDA575D6C869}"
EndProject
Project("{FAE04EC0-301F-11D3-BF4B-00C04F79EFBC}") = "List_Universitas", "List Universitas\List_Universitas\List_Universitas.csproj", "{F45021E7-FED5-4895-B201-8FCAF39601BE}"
EndProject
Project("{FAE04EC0-301F-11D3-BF4B-00C04F79EFBC}") = "List_Universitas.UWP", "List Universitas\List_Universitas.UWP\List_Universitas.UWP.csproj", "{719FB7C0-12EA-4E15-B4FF-1E2174DB6DC3}"
EndProject
Global
	GlobalSection(SolutionConfigurationPlatforms) = preSolution
		Ad-Hoc|Any CPU = Ad-Hoc|Any CPU
		Ad-Hoc|ARM = Ad-Hoc|ARM
		Ad-Hoc|iPhone = Ad-Hoc|iPhone
		Ad-Hoc|iPhoneSimulator = Ad-Hoc|iPhoneSimulator
		Ad-Hoc|x64 = Ad-Hoc|x64
		Ad-Hoc|x86 = Ad-Hoc|x86
		AppStore|Any CPU = AppStore|Any CPU
		AppStore|ARM = AppStore|ARM
		AppStore|iPhone = AppStore|iPhone
		AppStore|iPhoneSimulator = AppStore|iPhoneSimulator
		AppStore|x64 = AppStore|x64
		AppStore|x86 = AppStore|x86
		Debug|Any CPU = Debug|Any CPU
		Debug|ARM = Debug|ARM
		Debug|iPhone = Debug|iPhone
		Debug|iPhoneSimulator = Debug|iPhoneSimulator
		Debug|x64 = Debug|x64
		Debug|x86 = Debug|x86
		Release|Any CPU = Release|Any CPU
		Release|ARM = Release|ARM
		Release|iPhone = Release|iPhone
		Release|iPhoneSimulator = Release|iPhoneSimulator
		Release|x64 = Release|x64
		Release|x86 = Release|x86
	EndGlobalSection
	GlobalSection(ProjectConfigurationPlatforms) = postSolution
		{8272AB96-61A7-46DC-9F36-DDA575D6C869}.Ad-Hoc|Any CPU.ActiveCfg = Release|Any CPU
		{8272AB96-61A7-46DC-9F36-DDA575D6C869}.Ad-Hoc|Any CPU.Build.0 = Release|Any CPU
		{8272AB96-61A7-46DC-9F36-DDA575D6C869}.Ad-Hoc|Any CPU.Deploy.0 = Release|Any CPU
		{8272AB96-61A7-46DC-9F36-DDA575D6C869}.Ad-Hoc|ARM.ActiveCfg = Release|Any CPU
		{8272AB96-61A7-46DC-9F36-DDA575D6C869}.Ad-Hoc|ARM.Build.0 = Release|Any CPU
		{8272AB96-61A7-46DC-9F36-DDA575D6C869}.Ad-Hoc|ARM.Deploy.0 = Release|Any CPU
		{8272AB96-61A7-46DC-9F36-DDA575D6C869}.Ad-Hoc|iPhone.ActiveCfg = Release|Any CPU
		{8272AB96-61A7-46DC-9F36-DDA575D6C869}.Ad-Hoc|iPhone.Build.0 = Release|Any CPU
		{8272AB96-61A7-46DC-9F36-DDA575D6C869}.Ad-Hoc|iPhone.Deploy.0 = Release|Any CPU
		{8272AB96-61A7-46DC-9F36-DDA575D6C869}.Ad-Hoc|iPhoneSimulator.ActiveCfg = Release|Any CPU
		{8272AB96-61A7-46DC-9F36-DDA575D6C869}.Ad-Hoc|iPhoneSimulator.Build.0 = Release|Any CPU
		{8272AB96-61A7-46DC-9F36-DDA575D6C869}.Ad-Hoc|iPhoneSimulator.Deploy.0 = Release|Any CPU
		{8272AB96-61A7-46DC-9F36-DDA575D6C869}.Ad-Hoc|x64.ActiveCfg = Release|Any CPU
		{8272AB96-61A7-46DC-9F36-DDA575D6C869}.Ad-Hoc|x64.Build.0 = Release|Any CPU
		{8272AB96-61A7-46DC-9F36-DDA575D6C869}.Ad-Hoc|x64.Deploy.0 = Release|Any CPU
		{8272AB96-61A7-46DC-9F36-DDA575D6C869}.Ad-Hoc|x86.ActiveCfg = Release|Any CPU
		{8272AB96-61A7-46DC-9F36-DDA575D6C869}.Ad-Hoc|x86.Build.0 = Release|Any CPU
		{8272AB96-61A7-46DC-9F36-DDA575D6C869}.Ad-Hoc|x86.Deploy.0 = Release|Any CPU
		{8272AB96-61A7-46DC-9F36-DDA575D6C869}.AppStore|Any CPU.ActiveCfg = Release|Any CPU
		{8272AB96-61A7-46DC-9F36-DDA575D6C869}.AppStore|Any CPU.Build.0 = Release|Any CPU
		{8272AB96-61A7-46DC-9F36-DDA575D6C869}.AppStore|Any CPU.Deploy.0 = Release|Any CPU
		{8272AB96-61A7-46DC-9F36-DDA575D6C869}.AppStore|ARM.ActiveCfg = Release|Any CPU
		{8272AB96-61A7-46DC-9F36-DDA575D6C869}.AppStore|ARM.Build.0 = Release|Any CPU
		{8272AB96-61A7-46DC-9F36-DDA575D6C869}.AppStore|ARM.Deploy.0 = Release|Any CPU
		{8272AB96-61A7-46DC-9F36-DDA575D6C869}.AppStore|iPhone.ActiveCfg = Release|Any CPU
		{8272AB96-61A7-46DC-9F36-DDA575D6C869}.AppStore|iPhone.Build.0 = Release|Any CPU
		{8272AB96-61A7-46DC-9F36-DDA575D6C869}.AppStore|iPhone.Deploy.0 = Release|Any CPU
		{8272AB96-61A7-46DC-9F36-DDA575D6C869}.AppStore|iPhoneSimulator.ActiveCfg = Release|Any CPU
		{8272AB96-61A7-46DC-9F36-DDA575D6C869}.AppStore|iPhoneSimulator.Build.0 = Release|Any CPU
		{8272AB96-61A7-46DC-9F36-DDA575D6C869}.AppStore|iPhoneSimulator.Deploy.0 = Release|Any CPU
		{8272AB96-61A7-46DC-9F36-DDA575D6C869}.AppStore|x64.ActiveCfg = Release|Any CPU
		{8272AB96-61A7-46DC-9F36-DDA575D6C869}.AppStore|x64.Build.0 = Release|Any CPU
		{8272AB96-61A7-46DC-9F36-DDA575D6C869}.AppStore|x64.Deploy.0 = Release|Any CPU
		{8272AB96-61A7-46DC-9F36-DDA575D6C869}.AppStore|x86.ActiveCfg = Release|Any CPU
		{8272AB96-61A7-46DC-9F36-DDA575D6C869}.AppStore|x86.Build.0 = Release|Any CPU
		{8272AB96-61A7-46DC-9F36-DDA575D6C869}.AppStore|x86.Deploy.0 = Release|Any CPU
		{8272AB96-61A7-46DC-9F36-DDA575D6C869}.Debug|Any CPU.ActiveCfg = Debug|Any CPU
		{8272AB96-61A7-46DC-9F36-DDA575D6C869}.Debug|Any CPU.Build.0 = Debug|Any CPU
		{8272AB96-61A7-46DC-9F36-DDA575D6C869}.Debug|Any CPU.Deploy.0 = Debug|Any CPU
		{8272AB96-61A7-46DC-9F36-DDA575D6C869}.Debug|ARM.ActiveCfg = Debug|Any CPU
		{8272AB96-61A7-46DC-9F36-DDA575D6C869}.Debug|ARM.Build.0 = Debug|Any CPU
		{8272AB96-61A7-46DC-9F36-DDA575D6C869}.Debug|ARM.Deploy.0 = Debug|Any CPU
		{8272AB96-61A7-46DC-9F36-DDA575D6C869}.Debug|iPhone.ActiveCfg = Debug|Any CPU
		{8272AB96-61A7-46DC-9F36-DDA575D6C869}.Debug|iPhone.Build.0 = Debug|Any CPU
		{8272AB96-61A7-46DC-9F36-DDA575D6C869}.Debug|iPhone.Deploy.0 = Debug|Any CPU
		{8272AB96-61A7-46DC-9F36-DDA575D6C869}.Debug|iPhoneSimulator.ActiveCfg = Debug|Any CPU
		{8272AB96-61A7-46DC-9F36-DDA575D6C869}.Debug|iPhoneSimulator.Build.0 = Debug|Any CPU
		{8272AB96-61A7-46DC-9F36-DDA575D6C869}.Debug|iPhoneSimulator.Deploy.0 = Debug|Any CPU
		{8272AB96-61A7-46DC-9F36-DDA575D6C869}.Debug|x64.ActiveCfg = Debug|Any CPU
		{8272AB96-61A7-46DC-9F36-DDA575D6C869}.Debug|x64.Build.0 = Debug|Any CPU
		{8272AB96-61A7-46DC-9F36-DDA575D6C869}.Debug|x64.Deploy.0 = Debug|Any CPU
		{8272AB96-61A7-46DC-9F36-DDA575D6C869}.Debug|x86.ActiveCfg = Debug|Any CPU
		{8272AB96-61A7-46DC-9F36-DDA575D6C869}.Debug|x86.Build.0 = Debug|Any CPU
		{8272AB96-61A7-46DC-9F36-DDA575D6C869}.Debug|x86.Deploy.0 = Debug|Any CPU
		{8272AB96-61A7-46DC-9F36-DDA575D6C869}.Release|Any CPU.ActiveCfg = Release|Any CPU
		{8272AB96-61A7-46DC-9F36-DDA575D6C869}.Release|Any CPU.Build.0 = Release|Any CPU
		{8272AB96-61A7-46DC-9F36-DDA575D6C869}.Release|Any CPU.Deploy.0 = Release|Any CPU
		{8272AB96-61A7-46DC-9F36-DDA575D6C869}.Release|ARM.ActiveCfg = Release|Any CPU
		{8272AB96-61A7-46DC-9F36-DDA575D6C869}.Release|ARM.Build.0 = Release|Any CPU
		{8272AB96-61A7-46DC-9F36-DDA575D6C869}.Release|ARM.Deploy.0 = Release|Any CPU
		{8272AB96-61A7-46DC-9F36-DDA575D6C869}.Release|iPhone.ActiveCfg = Release|Any CPU
		{8272AB96-61A7-46DC-9F36-DDA575D6C869}.Release|iPhone.Build.0 = Release|Any CPU
		{8272AB96-61A7-46DC-9F36-DDA575D6C869}.Release|iPhone.Deploy.0 = Release|Any CPU
		{8272AB96-61A7-46DC-9F36-DDA575D6C869}.Release|iPhoneSimulator.ActiveCfg = Release|Any CPU
		{8272AB96-61A7-46DC-9F36-DDA575D6C869}.Release|iPhoneSimulator.Build.0 = Release|Any CPU
		{8272AB96-61A7-46DC-9F36-DDA575D6C869}.Release|iPhoneSimulator.Deploy.0 = Release|Any CPU
		{8272AB96-61A7-46DC-9F36-DDA575D6C869}.Release|x64.ActiveCfg = Release|Any CPU
		{8272AB96-61A7-46DC-9F36-DDA575D6C869}.Release|x64.Build.0 = Release|Any CPU
		{8272AB96-61A7-46DC-9F36-DDA575D6C869}.Release|x64.Deploy.0 = Release|Any CPU
		{8272AB96-61A7-46DC-9F36-DDA575D6C869}.Release|x86.ActiveCfg = Release|Any CPU
		{8272AB96-61A7-46DC-9F36-DDA575D6C869}.Release|x86.Build.0 = Release|Any CPU
		{8272AB96-61A7-46DC-9F36-DDA575D6C869}.Release|x86.Deploy.0 = Release|Any CPU
		{F45021E7-FED5-4895-B201-8FCAF39601BE}.Ad-Hoc|Any CPU.ActiveCfg = Release|Any CPU
		{F45021E7-FED5-4895-B201-8FCAF39601BE}.Ad-Hoc|Any CPU.Build.0 = Release|Any CPU
		{F45021E7-FED5-4895-B201-8FCAF39601BE}.Ad-Hoc|ARM.ActiveCfg = Release|Any CPU
		{F45021E7-FED5-4895-B201-8FCAF39601BE}.Ad-Hoc|ARM.Build.0 = Release|Any CPU
		{F45021E7-FED5-4895-B201-8FCAF39601BE}.Ad-Hoc|iPhone.ActiveCfg = Release|Any CPU
		{F45021E7-FED5-4895-B201-8FCAF39601BE}.Ad-Hoc|iPhone.Build.0 = Release|Any CPU
		{F45021E7-FED5-4895-B201-8FCAF39601BE}.Ad-Hoc|iPhoneSimulator.ActiveCfg = Release|Any CPU
		{F45021E7-FED5-4895-B201-8FCAF39601BE}.Ad-Hoc|iPhoneSimulator.Build.0 = Release|Any CPU
		{F45021E7-FED5-4895-B201-8FCAF39601BE}.Ad-Hoc|x64.ActiveCfg = Release|Any CPU
		{F45021E7-FED5-4895-B201-8FCAF39601BE}.Ad-Hoc|x64.Build.0 = Release|Any CPU
		{F45021E7-FED5-4895-B201-8FCAF39601BE}.Ad-Hoc|x86.ActiveCfg = Release|Any CPU
		{F45021E7-FED5-4895-B201-8FCAF39601BE}.Ad-Hoc|x86.Build.0 = Release|Any CPU
		{F45021E7-FED5-4895-B201-8FCAF39601BE}.AppStore|Any CPU.ActiveCfg = Release|Any CPU
		{F45021E7-FED5-4895-B201-8FCAF39601BE}.AppStore|Any CPU.Build.0 = Release|Any CPU
		{F45021E7-FED5-4895-B201-8FCAF39601BE}.AppStore|ARM.ActiveCfg = Release|Any CPU
		{F45021E7-FED5-4895-B201-8FCAF39601BE}.AppStore|ARM.Build.0 = Release|Any CPU
		{F45021E7-FED5-4895-B201-8FCAF39601BE}.AppStore|iPhone.ActiveCfg = Release|Any CPU
		{F45021E7-FED5-4895-B201-8FCAF39601BE}.AppStore|iPhone.Build.0 = Release|Any CPU
		{F45021E7-FED5-4895-B201-8FCAF39601BE}.AppStore|iPhoneSimulator.ActiveCfg = Release|Any CPU
		{F45021E7-FED5-4895-B201-8FCAF39601BE}.AppStore|iPhoneSimulator.Build.0 = Release|Any CPU
		{F45021E7-FED5-4895-B201-8FCAF39601BE}.AppStore|x64.ActiveCfg = Release|Any CPU
		{F45021E7-FED5-4895-B201-8FCAF39601BE}.AppStore|x64.Build.0 = Release|Any CPU
		{F45021E7-FED5-4895-B201-8FCAF39601BE}.AppStore|x86.ActiveCfg = Release|Any CPU
		{F45021E7-FED5-4895-B201-8FCAF39601BE}.AppStore|x86.Build.0 = Release|Any CPU
		{F45021E7-FED5-4895-B201-8FCAF39601BE}.Debug|Any CPU.ActiveCfg = Debug|Any CPU
		{F45021E7-FED5-4895-B201-8FCAF39601BE}.Debug|Any CPU.Build.0 = Debug|Any CPU
		{F45021E7-FED5-4895-B201-8FCAF39601BE}.Debug|ARM.ActiveCfg = Debug|Any CPU
		{F45021E7-FED5-4895-B201-8FCAF39601BE}.Debug|ARM.Build.0 = Debug|Any CPU
		{F45021E7-FED5-4895-B201-8FCAF39601BE}.Debug|iPhone.ActiveCfg = Debug|Any CPU
		{F45021E7-FED5-4895-B201-8FCAF39601BE}.Debug|iPhone.Build.0 = Debug|Any CPU
		{F45021E7-FED5-4895-B201-8FCAF39601BE}.Debug|iPhoneSimulator.ActiveCfg = Debug|Any CPU
		{F45021E7-FED5-4895-B201-8FCAF39601BE}.Debug|iPhoneSimulator.Build.0 = Debug|Any CPU
		{F45021E7-FED5-4895-B201-8FCAF39601BE}.Debug|x64.ActiveCfg = Debug|Any CPU
		{F45021E7-FED5-4895-B201-8FCAF39601BE}.Debug|x64.Build.0 = Debug|Any CPU
		{F45021E7-FED5-4895-B201-8FCAF39601BE}.Debug|x86.ActiveCfg = Debug|Any CPU
		{F45021E7-FED5-4895-B201-8FCAF39601BE}.Debug|x86.Build.0 = Debug|Any CPU
		{F45021E7-FED5-4895-B201-8FCAF39601BE}.Release|Any CPU.ActiveCfg = Release|Any CPU
		{F45021E7-FED5-4895-B201-8FCAF39601BE}.Release|Any CPU.Build.0 = Release|Any CPU
		{F45021E7-FED5-4895-B201-8FCAF39601BE}.Release|ARM.ActiveCfg = Release|Any CPU
		{F45021E7-FED5-4895-B201-8FCAF39601BE}.Release|ARM.Build.0 = Release|Any CPU
		{F45021E7-FED5-4895-B201-8FCAF39601BE}.Release|iPhone.ActiveCfg = Release|Any CPU
		{F45021E7-FED5-4895-B201-8FCAF39601BE}.Release|iPhone.Build.0 = Release|Any CPU
		{F45021E7-FED5-4895-B201-8FCAF39601BE}.Release|iPhoneSimulator.ActiveCfg = Release|Any CPU
		{F45021E7-FED5-4895-B201-8FCAF39601BE}.Release|iPhoneSimulator.Build.0 = Release|Any CPU
		{F45021E7-FED5-4895-B201-8FCAF39601BE}.Release|x64.ActiveCfg = Release|Any CPU
		{F45021E7-FED5-4895-B201-8FCAF39601BE}.Release|x64.Build.0 = Release|Any CPU
		{F45021E7-FED5-4895-B201-8FCAF39601BE}.Release|x86.ActiveCfg = Release|Any CPU
		{F45021E7-FED5-4895-B201-8FCAF39601BE}.Release|x86.Build.0 = Release|Any CPU
		{719FB7C0-12EA-4E15-B4FF-1E2174DB6DC3}.Ad-Hoc|Any CPU.ActiveCfg = Release|x86
		{719FB7C0-12EA-4E15-B4FF-1E2174DB6DC3}.Ad-Hoc|Any CPU.Build.0 = Release|x86
		{719FB7C0-12EA-4E15-B4FF-1E2174DB6DC3}.Ad-Hoc|Any CPU.Deploy.0 = Release|x86
		{719FB7C0-12EA-4E15-B4FF-1E2174DB6DC3}.Ad-Hoc|ARM.ActiveCfg = Release|ARM
		{719FB7C0-12EA-4E15-B4FF-1E2174DB6DC3}.Ad-Hoc|ARM.Build.0 = Release|ARM
		{719FB7C0-12EA-4E15-B4FF-1E2174DB6DC3}.Ad-Hoc|ARM.Deploy.0 = Release|ARM
		{719FB7C0-12EA-4E15-B4FF-1E2174DB6DC3}.Ad-Hoc|iPhone.ActiveCfg = Release|x86
		{719FB7C0-12EA-4E15-B4FF-1E2174DB6DC3}.Ad-Hoc|iPhone.Build.0 = Release|x86
		{719FB7C0-12EA-4E15-B4FF-1E2174DB6DC3}.Ad-Hoc|iPhone.Deploy.0 = Release|x86
		{719FB7C0-12EA-4E15-B4FF-1E2174DB6DC3}.Ad-Hoc|iPhoneSimulator.ActiveCfg = Release|x86
		{719FB7C0-12EA-4E15-B4FF-1E2174DB6DC3}.Ad-Hoc|iPhoneSimulator.Build.0 = Release|x86
		{719FB7C0-12EA-4E15-B4FF-1E2174DB6DC3}.Ad-Hoc|iPhoneSimulator.Deploy.0 = Release|x86
		{719FB7C0-12EA-4E15-B4FF-1E2174DB6DC3}.Ad-Hoc|x64.ActiveCfg = Release|x64
		{719FB7C0-12EA-4E15-B4FF-1E2174DB6DC3}.Ad-Hoc|x64.Build.0 = Release|x64
		{719FB7C0-12EA-4E15-B4FF-1E2174DB6DC3}.Ad-Hoc|x64.Deploy.0 = Release|x64
		{719FB7C0-12EA-4E15-B4FF-1E2174DB6DC3}.Ad-Hoc|x86.ActiveCfg = Release|x86
		{719FB7C0-12EA-4E15-B4FF-1E2174DB6DC3}.Ad-Hoc|x86.Build.0 = Release|x86
		{719FB7C0-12EA-4E15-B4FF-1E2174DB6DC3}.Ad-Hoc|x86.Deploy.0 = Release|x86
		{719FB7C0-12EA-4E15-B4FF-1E2174DB6DC3}.AppStore|Any CPU.ActiveCfg = Release|x86
		{719FB7C0-12EA-4E15-B4FF-1E2174DB6DC3}.AppStore|Any CPU.Build.0 = Release|x86
		{719FB7C0-12EA-4E15-B4FF-1E2174DB6DC3}.AppStore|Any CPU.Deploy.0 = Release|x86
		{719FB7C0-12EA-4E15-B4FF-1E2174DB6DC3}.AppStore|ARM.ActiveCfg = Release|ARM
		{719FB7C0-12EA-4E15-B4FF-1E2174DB6DC3}.AppStore|ARM.Build.0 = Release|ARM
		{719FB7C0-12EA-4E15-B4FF-1E2174DB6DC3}.AppStore|ARM.Deploy.0 = Release|ARM
		{719FB7C0-12EA-4E15-B4FF-1E2174DB6DC3}.AppStore|iPhone.ActiveCfg = Release|x86
		{719FB7C0-12EA-4E15-B4FF-1E2174DB6DC3}.AppStore|iPhone.Build.0 = Release|x86
		{719FB7C0-12EA-4E15-B4FF-1E2174DB6DC3}.AppStore|iPhone.Deploy.0 = Release|x86
		{719FB7C0-12EA-4E15-B4FF-1E2174DB6DC3}.AppStore|iPhoneSimulator.ActiveCfg = Release|x86
		{719FB7C0-12EA-4E15-B4FF-1E2174DB6DC3}.AppStore|iPhoneSimulator.Build.0 = Release|x86
		{719FB7C0-12EA-4E15-B4FF-1E2174DB6DC3}.AppStore|iPhoneSimulator.Deploy.0 = Release|x86
		{719FB7C0-12EA-4E15-B4FF-1E2174DB6DC3}.AppStore|x64.ActiveCfg = Release|x64
		{719FB7C0-12EA-4E15-B4FF-1E2174DB6DC3}.AppStore|x64.Build.0 = Release|x64
		{719FB7C0-12EA-4E15-B4FF-1E2174DB6DC3}.AppStore|x64.Deploy.0 = Release|x64
		{719FB7C0-12EA-4E15-B4FF-1E2174DB6DC3}.AppStore|x86.ActiveCfg = Release|x86
		{719FB7C0-12EA-4E15-B4FF-1E2174DB6DC3}.AppStore|x86.Build.0 = Release|x86
		{719FB7C0-12EA-4E15-B4FF-1E2174DB6DC3}.AppStore|x86.Deploy.0 = Release|x86
		{719FB7C0-12EA-4E15-B4FF-1E2174DB6DC3}.Debug|Any CPU.ActiveCfg = Debug|x86
		{719FB7C0-12EA-4E15-B4FF-1E2174DB6DC3}.Debug|Any CPU.Build.0 = Debug|x86
		{719FB7C0-12EA-4E15-B4FF-1E2174DB6DC3}.Debug|Any CPU.Deploy.0 = Debug|x86
		{719FB7C0-12EA-4E15-B4FF-1E2174DB6DC3}.Debug|ARM.ActiveCfg = Debug|ARM
		{719FB7C0-12EA-4E15-B4FF-1E2174DB6DC3}.Debug|ARM.Build.0 = Debug|ARM
		{719FB7C0-12EA-4E15-B4FF-1E2174DB6DC3}.Debug|ARM.Deploy.0 = Debug|ARM
		{719FB7C0-12EA-4E15-B4FF-1E2174DB6DC3}.Debug|iPhone.ActiveCfg = Debug|x86
		{719FB7C0-12EA-4E15-B4FF-1E2174DB6DC3}.Debug|iPhoneSimulator.ActiveCfg = Debug|x86
		{719FB7C0-12EA-4E15-B4FF-1E2174DB6DC3}.Debug|x64.ActiveCfg = Debug|x64
		{719FB7C0-12EA-4E15-B4FF-1E2174DB6DC3}.Debug|x64.Build.0 = Debug|x64
		{719FB7C0-12EA-4E15-B4FF-1E2174DB6DC3}.Debug|x64.Deploy.0 = Debug|x64
		{719FB7C0-12EA-4E15-B4FF-1E2174DB6DC3}.Debug|x86.ActiveCfg = Debug|x86
		{719FB7C0-12EA-4E15-B4FF-1E2174DB6DC3}.Debug|x86.Build.0 = Debug|x86
		{719FB7C0-12EA-4E15-B4FF-1E2174DB6DC3}.Debug|x86.Deploy.0 = Debug|x86
		{719FB7C0-12EA-4E15-B4FF-1E2174DB6DC3}.Release|Any CPU.ActiveCfg = Release|x86
		{719FB7C0-12EA-4E15-B4FF-1E2174DB6DC3}.Release|ARM.ActiveCfg = Release|ARM
		{719FB7C0-12EA-4E15-B4FF-1E2174DB6DC3}.Release|ARM.Build.0 = Release|ARM
		{719FB7C0-12EA-4E15-B4FF-1E2174DB6DC3}.Release|ARM.Deploy.0 = Release|ARM
		{719FB7C0-12EA-4E15-B4FF-1E2174DB6DC3}.Release|iPhone.ActiveCfg = Release|x86
		{719FB7C0-12EA-4E15-B4FF-1E2174DB6DC3}.Release|iPhoneSimulator.ActiveCfg = Release|x86
		{719FB7C0-12EA-4E15-B4FF-1E2174DB6DC3}.Release|x64.ActiveCfg = Release|x64
		{719FB7C0-12EA-4E15-B4FF-1E2174DB6DC3}.Release|x64.Build.0 = Release|x64
		{719FB7C0-12EA-4E15-B4FF-1E2174DB6DC3}.Release|x64.Deploy.0 = Release|x64
		{719FB7C0-12EA-4E15-B4FF-1E2174DB6DC3}.Release|x86.ActiveCfg = Release|x86
		{719FB7C0-12EA-4E15-B4FF-1E2174DB6DC3}.Release|x86.Build.0 = Release|x86
		{719FB7C0-12EA-4E15-B4FF-1E2174DB6DC3}.Release|x86.Deploy.0 = Release|x86
	EndGlobalSection
	GlobalSection(SolutionProperties) = preSolution
		HideSolutionNode = FALSE
	EndGlobalSection
EndGlobal
